# This file was autogenerated by Stack.
# You should not edit this file by hand.
# For more information, please see the documentation at:
#   https://docs.haskellstack.org/en/stable/lock_files

packages:
- completed:
    hackage: rope-utf16-splay-0.3.1.0@sha256:15a53c57f8413d193054bb5f045929edae3b2669def4c6af63197b30dc1d5003,2029
    pantry-tree:
      size: 667
      sha256: 876b05bbbd1394bb862a7e2d460f6fe30f509c4c9a530530cb9fe7ec19a89c30
  original:
    hackage: rope-utf16-splay-0.3.1.0
- completed:
    hackage: hslogger-1.3.1.0@sha256:2df525ae8ee83b4d885e4c97ef0df715122f2e37585a7d84117e2daea9fa9029,2787
    pantry-tree:
      size: 1411
      sha256: a051a9de1fce365679a91c8a1913861979487741a3c4892eadc7682baed0898a
  original:
    hackage: hslogger-1.3.1.0@sha256:2df525ae8ee83b4d885e4c97ef0df715122f2e37585a7d84117e2daea9fa9029,2787
- completed:
    hackage: network-bsd-2.8.1.0@sha256:47cb03786ff5371876582babc72cbd88efbcb96053f5bfbefbc024fa80380bb3,3742
    pantry-tree:
      size: 264
      sha256: 90120543a56cc76ccd841dcbb73e4725115af9ca428120cde906c1b3ca2e7c88
  original:
    hackage: network-bsd-2.8.1.0@sha256:47cb03786ff5371876582babc72cbd88efbcb96053f5bfbefbc024fa80380bb3,3742
- completed:
    hackage: network-3.1.0.1@sha256:a4fbed4314fa32fb89df4593cdd70fc685181c3a9c7321b0856b135f2a250796,4268
    pantry-tree:
      size: 3296
      sha256: f11168ed066a92f028be441e200d0c4bb840dd06f9b6420ac4b60f3906038593
  original:
    hackage: network-3.1.0.1@sha256:a4fbed4314fa32fb89df4593cdd70fc685181c3a9c7321b0856b135f2a250796,4268
snapshots:
- completed:
    size: 400915
    url: https://raw.githubusercontent.com/commercialhaskell/stackage-snapshots/master/nightly/2019/10/18.yaml
    sha256: 7a4c61951cc6600e4517e5692f344cd6b048a193500474c551962e87b7beb898
  original: nightly-2019-10-18
