# This file was autogenerated by Stack.
# You should not edit this file by hand.
# For more information, please see the documentation at:
#   https://docs.haskellstack.org/en/stable/lock_files

packages:
- completed:
    hackage: rope-utf16-splay-0.3.1.0@sha256:15a53c57f8413d193054bb5f045929edae3b2669def4c6af63197b30dc1d5003,2029
    pantry-tree:
      size: 667
      sha256: 876b05bbbd1394bb862a7e2d460f6fe30f509c4c9a530530cb9fe7ec19a89c30
  original:
    hackage: rope-utf16-splay-0.3.1.0
- completed:
    hackage: haskell-lsp-0.15.0.0@sha256:26791d3ed01ca5be1fab16a450fec751616acac8aa87c5a3a3921aea0d2bbfc2,5260
    pantry-tree:
      size: 1725
      sha256: a08c3c4f25717c54f3c0adaefb3cd054c6a0a16f4b53d01617d6fc5a2e2798b0
  original:
    hackage: haskell-lsp-0.15.0.0
- completed:
    hackage: haskell-lsp-types-0.15.0.0@sha256:75698e3af3c9c0f8494121a2bdd47bb4ccc423afb58fecfa43e9ffbcd8721b3c,2880
    pantry-tree:
      size: 2369
      sha256: 04b8321fc9e60796cfecc0487f35c32208908f1ce7b7e2d75bc8347a1d91bcee
  original:
    hackage: haskell-lsp-types-0.15.0.0
snapshots:
- completed:
    size: 499889
    url: https://raw.githubusercontent.com/commercialhaskell/stackage-snapshots/master/lts/13/26.yaml
    sha256: ecb02ee16829df8d7219e7d7fe6c310819820bf335b0b9534bce84d3ea896684
  original: lts-13.26
