# This file was autogenerated by Stack.
# You should not edit this file by hand.
# For more information, please see the documentation at:
#   https://docs.haskellstack.org/en/stable/lock_files

packages:
- completed:
    hackage: rope-utf16-splay-0.3.1.0@sha256:15a53c57f8413d193054bb5f045929edae3b2669def4c6af63197b30dc1d5003,2029
    pantry-tree:
      size: 667
      sha256: 876b05bbbd1394bb862a7e2d460f6fe30f509c4c9a530530cb9fe7ec19a89c30
  original:
    hackage: rope-utf16-splay-0.3.1.0
- completed:
    size: 85195
    subdir: .
    url: https://github.com/alanz/haskell-lsp/archive/fefcae8b44aaf7658e0f90d5530832efe0b32053.tar.gz
    cabal-file:
      size: 5264
      sha256: 6ac4b58e6caef43546a3c115f1aaaae0e23d30f0e37b8c4e94525468e9982d09
    name: haskell-lsp
    version: 0.16.0.0
    sha256: 410af26154494735694ae323b3431d6a6ccb49ab6f028b56656039b5662de7d6
    pantry-tree:
      size: 5563
      sha256: 4da14c5ad9e2e214d4c52edca1f8d24390f24f60375c00c99ade0e55a75821fa
  original:
    subdir: .
    url: https://github.com/alanz/haskell-lsp/archive/fefcae8b44aaf7658e0f90d5530832efe0b32053.tar.gz
- completed:
    size: 85195
    subdir: haskell-lsp-types
    url: https://github.com/alanz/haskell-lsp/archive/fefcae8b44aaf7658e0f90d5530832efe0b32053.tar.gz
    cabal-file:
      size: 2941
      sha256: d5e3a1c45e2d8e6df35fa77122c396330546a5a7afe9b5d5c3393d937e18a66f
    name: haskell-lsp-types
    version: 0.16.0.0
    sha256: 410af26154494735694ae323b3431d6a6ccb49ab6f028b56656039b5662de7d6
    pantry-tree:
      size: 2501
      sha256: 409560d414a6618591d3bed1aaf046ba549a12c202a85e0ef9642004639399c5
  original:
    subdir: haskell-lsp-types
    url: https://github.com/alanz/haskell-lsp/archive/fefcae8b44aaf7658e0f90d5530832efe0b32053.tar.gz
snapshots:
- completed:
    size: 499889
    url: https://raw.githubusercontent.com/commercialhaskell/stackage-snapshots/master/lts/13/26.yaml
    sha256: ecb02ee16829df8d7219e7d7fe6c310819820bf335b0b9534bce84d3ea896684
  original: lts-13.26
