# This file was autogenerated by Stack.
# You should not edit this file by hand.
# For more information, please see the documentation at:
#   https://docs.haskellstack.org/en/stable/lock_files

packages:
- completed:
    hackage: rope-utf16-splay-0.3.1.0@sha256:15a53c57f8413d193054bb5f045929edae3b2669def4c6af63197b30dc1d5003,2029
    pantry-tree:
      size: 667
      sha256: 876b05bbbd1394bb862a7e2d460f6fe30f509c4c9a530530cb9fe7ec19a89c30
  original:
    hackage: rope-utf16-splay-0.3.1.0
- completed:
    hackage: haskell-lsp-0.16.0.0@sha256:6ac4b58e6caef43546a3c115f1aaaae0e23d30f0e37b8c4e94525468e9982d09,5264
    pantry-tree:
      size: 1725
      sha256: 31b245f4da5b5b844be9802bb2bfd397c90c0a50b063e5bae26648c6220aaf7f
  original:
    hackage: haskell-lsp-0.16.0.0
- completed:
    hackage: haskell-lsp-types-0.16.0.0@sha256:57729b32b1ca65d4869e1e518fa4df749d4488ec5f11e23b50c2b89417f5f211,2882
    pantry-tree:
      size: 2369
      sha256: cc24c23f741e777b9c01ccd700af034e2258e560f5fdb271d08befd4b03196b7
  original:
    hackage: haskell-lsp-types-0.16.0.0
snapshots:
- completed:
    size: 499889
    url: https://raw.githubusercontent.com/commercialhaskell/stackage-snapshots/master/lts/13/26.yaml
    sha256: ecb02ee16829df8d7219e7d7fe6c310819820bf335b0b9534bce84d3ea896684
  original: lts-13.26
